
Microsoft Visual Studio Solution File, Format Version 12.00
# Visual Studio Version 16
VisualStudioVersion = 16.0.31321.278
MinimumVisualStudioVersion = 10.0.40219.1
Project("{9A19103F-16F7-4668-BE54-9A1E7A4F7556}") = "LearnWebApi", "LearnWebApi\LearnWebApi.csproj", "{6268018E-377E-46CD-B92F-3934E6D2BDAD}"
EndProject
Project("{9A19103F-16F7-4668-BE54-9A1E7A4F7556}") = "DataAcessLayer", "DataAcessLayer\DataAcessLayer.csproj", "{BD6201BD-1ACF-4D3F-915A-7CBC54760504}"
EndProject
Project("{FAE04EC0-301F-11D3-BF4B-00C04F79EFBC}") = "WebApiConsume", "WebApiConsume\WebApiConsume.csproj", "{BC1056D2-2ABF-4853-A656-97F0CBBD8CEE}"
EndProject
Global
	GlobalSection(SolutionConfigurationPlatforms) = preSolution
		Debug|Any CPU = Debug|Any CPU
		Release|Any CPU = Release|Any CPU
	EndGlobalSection
	GlobalSection(ProjectConfigurationPlatforms) = postSolution
		{6268018E-377E-46CD-B92F-3934E6D2BDAD}.Debug|Any CPU.ActiveCfg = Debug|Any CPU
		{6268018E-377E-46CD-B92F-3934E6D2BDAD}.Debug|Any CPU.Build.0 = Debug|Any CPU
		{6268018E-377E-46CD-B92F-3934E6D2BDAD}.Release|Any CPU.ActiveCfg = Release|Any CPU
		{6268018E-377E-46CD-B92F-3934E6D2BDAD}.Release|Any CPU.Build.0 = Release|Any CPU
		{BD6201BD-1ACF-4D3F-915A-7CBC54760504}.Debug|Any CPU.ActiveCfg = Debug|Any CPU
		{BD6201BD-1ACF-4D3F-915A-7CBC54760504}.Debug|Any CPU.Build.0 = Debug|Any CPU
		{BD6201BD-1ACF-4D3F-915A-7CBC54760504}.Release|Any CPU.ActiveCfg = Release|Any CPU
		{BD6201BD-1ACF-4D3F-915A-7CBC54760504}.Release|Any CPU.Build.0 = Release|Any CPU
		{BC1056D2-2ABF-4853-A656-97F0CBBD8CEE}.Debug|Any CPU.ActiveCfg = Debug|Any CPU
		{BC1056D2-2ABF-4853-A656-97F0CBBD8CEE}.Debug|Any CPU.Build.0 = Debug|Any CPU
		{BC1056D2-2ABF-4853-A656-97F0CBBD8CEE}.Release|Any CPU.ActiveCfg = Release|Any CPU
		{BC1056D2-2ABF-4853-A656-97F0CBBD8CEE}.Release|Any CPU.Build.0 = Release|Any CPU
	EndGlobalSection
	GlobalSection(SolutionProperties) = preSolution
		HideSolutionNode = FALSE
	EndGlobalSection
	GlobalSection(ExtensibilityGlobals) = postSolution
		SolutionGuid = {D20D2821-6222-4CC3-BF84-24385836EF83}
	EndGlobalSection
EndGlobal
